// !$*UTF8*$!
{
	archiveVersion = 1;
	classes = {
	};
	objectVersion = 48;
	objects = {

/* Begin PBXBuildFile section */
		05C302401FF66F4800518C48 /* UIImage.swift in Sources */ = {isa = PBXBuildFile; fileRef = 05C3023F1FF66F4800518C48 /* UIImage.swift */; };
		05C302421FF6772600518C48 /* Editor+Gestures.swift in Sources */ = {isa = PBXBuildFile; fileRef = 05C302411FF6772600518C48 /* Editor+Gestures.swift */; };
		05C302451FF6799B00518C48 /* GradientView.swift in Sources */ = {isa = PBXBuildFile; fileRef = 05C302441FF6799B00518C48 /* GradientView.swift */; };
		05DA018F1FF5659700113CBC /* icomoon.ttf in Resources */ = {isa = PBXBuildFile; fileRef = 05DA018E1FF5659300113CBC /* icomoon.ttf */; };
		05DA01911FF567BB00113CBC /* UIView.swift in Sources */ = {isa = PBXBuildFile; fileRef = 05DA01901FF567BB00113CBC /* UIView.swift */; };
		05F859751FF5075D007F9921 /* AppDelegate.swift in Sources */ = {isa = PBXBuildFile; fileRef = 05F859741FF5075D007F9921 /* AppDelegate.swift */; };
		05F8597C1FF5075D007F9921 /* Assets.xcassets in Resources */ = {isa = PBXBuildFile; fileRef = 05F8597B1FF5075D007F9921 /* Assets.xcassets */; };
		05F8597F1FF5075D007F9921 /* LaunchScreen.storyboard in Resources */ = {isa = PBXBuildFile; fileRef = 05F8597D1FF5075D007F9921 /* LaunchScreen.storyboard */; };
		05F8598B1FF509AB007F9921 /* WeatherHistoryViewController.swift in Sources */ = {isa = PBXBuildFile; fileRef = 05F859891FF509AB007F9921 /* WeatherHistoryViewController.swift */; };
		05F8598C1FF509AB007F9921 /* WeatherHistoryViewController.xib in Resources */ = {isa = PBXBuildFile; fileRef = 05F8598A1FF509AB007F9921 /* WeatherHistoryViewController.xib */; };
		05F859931FF50B7D007F9921 /* HNetwork.swift in Sources */ = {isa = PBXBuildFile; fileRef = 05F859921FF50B7D007F9921 /* HNetwork.swift */; };
		05F859951FF50B8C007F9921 /* HSessionManager.swift in Sources */ = {isa = PBXBuildFile; fileRef = 05F859941FF50B8C007F9921 /* HSessionManager.swift */; };
		05F859971FF50B9B007F9921 /* HURLRequestConvertible.swift in Sources */ = {isa = PBXBuildFile; fileRef = 05F859961FF50B9B007F9921 /* HURLRequestConvertible.swift */; };
		05F859991FF50BA7007F9921 /* Constants.swift in Sources */ = {isa = PBXBuildFile; fileRef = 05F859981FF50BA7007F9921 /* Constants.swift */; };
		05F8599B1FF50C15007F9921 /* UserDefaults.swift in Sources */ = {isa = PBXBuildFile; fileRef = 05F8599A1FF50C15007F9921 /* UserDefaults.swift */; };
		05F8599E1FF51359007F9921 /* CoreLocation.framework in Frameworks */ = {isa = PBXBuildFile; fileRef = 05F8599D1FF51359007F9921 /* CoreLocation.framework */; };
		05F859A11FF52A04007F9921 /* WeatherService.swift in Sources */ = {isa = PBXBuildFile; fileRef = 05F859A01FF52A04007F9921 /* WeatherService.swift */; };
		05F859A31FF52A0D007F9921 /* WeatherRouter.swift in Sources */ = {isa = PBXBuildFile; fileRef = 05F859A21FF52A0D007F9921 /* WeatherRouter.swift */; };
		05F859A51FF53380007F9921 /* Weather.swift in Sources */ = {isa = PBXBuildFile; fileRef = 05F859A41FF53380007F9921 /* Weather.swift */; };
		05F859A81FF5462A007F9921 /* ImagePicker.swift in Sources */ = {isa = PBXBuildFile; fileRef = 05F859A71FF5462A007F9921 /* ImagePicker.swift */; };
		05F859AC1FF5497A007F9921 /* ImageEditorViewController.swift in Sources */ = {isa = PBXBuildFile; fileRef = 05F859AA1FF5497A007F9921 /* ImageEditorViewController.swift */; };
		05F859AD1FF5497A007F9921 /* ImageEditorViewController.xib in Resources */ = {isa = PBXBuildFile; fileRef = 05F859AB1FF5497A007F9921 /* ImageEditorViewController.xib */; };
		05F859B01FF54B4F007F9921 /* WeatherHistoryPresenter.swift in Sources */ = {isa = PBXBuildFile; fileRef = 05F859AF1FF54B4F007F9921 /* WeatherHistoryPresenter.swift */; };
		05F859B31FF54CA0007F9921 /* WeatherHistoryDataSource.swift in Sources */ = {isa = PBXBuildFile; fileRef = 05F859B21FF54CA0007F9921 /* WeatherHistoryDataSource.swift */; };
		05F859B51FF54CAB007F9921 /* WeatherHistoryDelegate.swift in Sources */ = {isa = PBXBuildFile; fileRef = 05F859B41FF54CAB007F9921 /* WeatherHistoryDelegate.swift */; };
		05F859B91FF55253007F9921 /* ImagesInteractor.swift in Sources */ = {isa = PBXBuildFile; fileRef = 05F859B81FF55253007F9921 /* ImagesInteractor.swift */; };
		05F859BC1FF55CCC007F9921 /* ImageThumbCollectionViewCell.swift in Sources */ = {isa = PBXBuildFile; fileRef = 05F859BA1FF55CCC007F9921 /* ImageThumbCollectionViewCell.swift */; };
		05F859BD1FF55CCC007F9921 /* ImageThumbCollectionViewCell.xib in Resources */ = {isa = PBXBuildFile; fileRef = 05F859BB1FF55CCC007F9921 /* ImageThumbCollectionViewCell.xib */; };
		05F859C31FF561F9007F9921 /* ImageViewerViewController.swift in Sources */ = {isa = PBXBuildFile; fileRef = 05F859C11FF561F9007F9921 /* ImageViewerViewController.swift */; };
		05F859C41FF561F9007F9921 /* ImageViewerViewController.xib in Resources */ = {isa = PBXBuildFile; fileRef = 05F859C21FF561F9007F9921 /* ImageViewerViewController.xib */; };
		B9C13EA38D78932C55589C98 /* Pods_Weather_History.framework in Frameworks */ = {isa = PBXBuildFile; fileRef = 24494BCEA549DD2D920708AE /* Pods_Weather_History.framework */; };
/* End PBXBuildFile section */

/* Begin PBXFileReference section */
		05C3023F1FF66F4800518C48 /* UIImage.swift */ = {isa = PBXFileReference; lastKnownFileType = sourcecode.swift; path = UIImage.swift; sourceTree = "<group>"; };
		05C302411FF6772600518C48 /* Editor+Gestures.swift */ = {isa = PBXFileReference; lastKnownFileType = sourcecode.swift; path = "Editor+Gestures.swift"; sourceTree = "<group>"; };
		05C302441FF6799B00518C48 /* GradientView.swift */ = {isa = PBXFileReference; lastKnownFileType = sourcecode.swift; path = GradientView.swift; sourceTree = "<group>"; };
		05DA018E1FF5659300113CBC /* icomoon.ttf */ = {isa = PBXFileReference; lastKnownFileType = file; path = icomoon.ttf; sourceTree = "<group>"; };
		05DA01901FF567BB00113CBC /* UIView.swift */ = {isa = PBXFileReference; lastKnownFileType = sourcecode.swift; path = UIView.swift; sourceTree = "<group>"; };
		05F859711FF5075D007F9921 /* Weather History.app */ = {isa = PBXFileReference; explicitFileType = wrapper.application; includeInIndex = 0; path = "Weather History.app"; sourceTree = BUILT_PRODUCTS_DIR; };
		05F859741FF5075D007F9921 /* AppDelegate.swift */ = {isa = PBXFileReference; lastKnownFileType = sourcecode.swift; path = AppDelegate.swift; sourceTree = "<group>"; };
		05F8597B1FF5075D007F9921 /* Assets.xcassets */ = {isa = PBXFileReference; lastKnownFileType = folder.assetcatalog; path = Assets.xcassets; sourceTree = "<group>"; };
		05F8597E1FF5075D007F9921 /* Base */ = {isa = PBXFileReference; lastKnownFileType = file.storyboard; name = Base; path = Base.lproj/LaunchScreen.storyboard; sourceTree = "<group>"; };
		05F859801FF5075D007F9921 /* Info.plist */ = {isa = PBXFileReference; lastKnownFileType = text.plist.xml; path = Info.plist; sourceTree = "<group>"; };
		05F859891FF509AB007F9921 /* WeatherHistoryViewController.swift */ = {isa = PBXFileReference; lastKnownFileType = sourcecode.swift; path = WeatherHistoryViewController.swift; sourceTree = "<group>"; };
		05F8598A1FF509AB007F9921 /* WeatherHistoryViewController.xib */ = {isa = PBXFileReference; lastKnownFileType = file.xib; path = WeatherHistoryViewController.xib; sourceTree = "<group>"; };
		05F859921FF50B7D007F9921 /* HNetwork.swift */ = {isa = PBXFileReference; lastKnownFileType = sourcecode.swift; path = HNetwork.swift; sourceTree = "<group>"; };
		05F859941FF50B8C007F9921 /* HSessionManager.swift */ = {isa = PBXFileReference; lastKnownFileType = sourcecode.swift; path = HSessionManager.swift; sourceTree = "<group>"; };
		05F859961FF50B9B007F9921 /* HURLRequestConvertible.swift */ = {isa = PBXFileReference; lastKnownFileType = sourcecode.swift; path = HURLRequestConvertible.swift; sourceTree = "<group>"; };
		05F859981FF50BA7007F9921 /* Constants.swift */ = {isa = PBXFileReference; lastKnownFileType = sourcecode.swift; path = Constants.swift; sourceTree = "<group>"; };
		05F8599A1FF50C15007F9921 /* UserDefaults.swift */ = {isa = PBXFileReference; lastKnownFileType = sourcecode.swift; path = UserDefaults.swift; sourceTree = "<group>"; };
		05F8599D1FF51359007F9921 /* CoreLocation.framework */ = {isa = PBXFileReference; lastKnownFileType = wrapper.framework; name = CoreLocation.framework; path = System/Library/Frameworks/CoreLocation.framework; sourceTree = SDKROOT; };
		05F859A01FF52A04007F9921 /* WeatherService.swift */ = {isa = PBXFileReference; lastKnownFileType = sourcecode.swift; path = WeatherService.swift; sourceTree = "<group>"; };
		05F859A21FF52A0D007F9921 /* WeatherRouter.swift */ = {isa = PBXFileReference; lastKnownFileType = sourcecode.swift; path = WeatherRouter.swift; sourceTree = "<group>"; };
		05F859A41FF53380007F9921 /* Weather.swift */ = {isa = PBXFileReference; lastKnownFileType = sourcecode.swift; path = Weather.swift; sourceTree = "<group>"; };
		05F859A71FF5462A007F9921 /* ImagePicker.swift */ = {isa = PBXFileReference; lastKnownFileType = sourcecode.swift; path = ImagePicker.swift; sourceTree = "<group>"; };
		05F859AA1FF5497A007F9921 /* ImageEditorViewController.swift */ = {isa = PBXFileReference; lastKnownFileType = sourcecode.swift; path = ImageEditorViewController.swift; sourceTree = "<group>"; };
		05F859AB1FF5497A007F9921 /* ImageEditorViewController.xib */ = {isa = PBXFileReference; lastKnownFileType = file.xib; path = ImageEditorViewController.xib; sourceTree = "<group>"; };
		05F859AF1FF54B4F007F9921 /* WeatherHistoryPresenter.swift */ = {isa = PBXFileReference; lastKnownFileType = sourcecode.swift; path = WeatherHistoryPresenter.swift; sourceTree = "<group>"; };
		05F859B21FF54CA0007F9921 /* WeatherHistoryDataSource.swift */ = {isa = PBXFileReference; lastKnownFileType = sourcecode.swift; path = WeatherHistoryDataSource.swift; sourceTree = "<group>"; };
		05F859B41FF54CAB007F9921 /* WeatherHistoryDelegate.swift */ = {isa = PBXFileReference; lastKnownFileType = sourcecode.swift; path = WeatherHistoryDelegate.swift; sourceTree = "<group>"; };
		05F859B81FF55253007F9921 /* ImagesInteractor.swift */ = {isa = PBXFileReference; lastKnownFileType = sourcecode.swift; path = ImagesInteractor.swift; sourceTree = "<group>"; };
		05F859BA1FF55CCC007F9921 /* ImageThumbCollectionViewCell.swift */ = {isa = PBXFileReference; lastKnownFileType = sourcecode.swift; path = ImageThumbCollectionViewCell.swift; sourceTree = "<group>"; };
		05F859BB1FF55CCC007F9921 /* ImageThumbCollectionViewCell.xib */ = {isa = PBXFileReference; lastKnownFileType = file.xib; path = ImageThumbCollectionViewCell.xib; sourceTree = "<group>"; };
		05F859C11FF561F9007F9921 /* ImageViewerViewController.swift */ = {isa = PBXFileReference; lastKnownFileType = sourcecode.swift; path = ImageViewerViewController.swift; sourceTree = "<group>"; };
		05F859C21FF561F9007F9921 /* ImageViewerViewController.xib */ = {isa = PBXFileReference; lastKnownFileType = file.xib; path = ImageViewerViewController.xib; sourceTree = "<group>"; };
		24494BCEA549DD2D920708AE /* Pods_Weather_History.framework */ = {isa = PBXFileReference; explicitFileType = wrapper.framework; includeInIndex = 0; path = Pods_Weather_History.framework; sourceTree = BUILT_PRODUCTS_DIR; };
		37E6A1E6EAA754F86147EAE4 /* Pods-Weather History.release.xcconfig */ = {isa = PBXFileReference; includeInIndex = 1; lastKnownFileType = text.xcconfig; name = "Pods-Weather History.release.xcconfig"; path = "Pods/Target Support Files/Pods-Weather History/Pods-Weather History.release.xcconfig"; sourceTree = "<group>"; };
		C3F0E9C3400A977D216057C9 /* Pods-Weather History.debug.xcconfig */ = {isa = PBXFileReference; includeInIndex = 1; lastKnownFileType = text.xcconfig; name = "Pods-Weather History.debug.xcconfig"; path = "Pods/Target Support Files/Pods-Weather History/Pods-Weather History.debug.xcconfig"; sourceTree = "<group>"; };
/* End PBXFileReference section */

/* Begin PBXFrameworksBuildPhase section */
		05F8596E1FF5075D007F9921 /* Frameworks */ = {
			isa = PBXFrameworksBuildPhase;
			buildActionMask = 2147483647;
			files = (
				05F8599E1FF51359007F9921 /* CoreLocation.framework in Frameworks */,
				B9C13EA38D78932C55589C98 /* Pods_Weather_History.framework in Frameworks */,
			);
			runOnlyForDeploymentPostprocessing = 0;
		};
/* End PBXFrameworksBuildPhase section */

/* Begin PBXGroup section */
		05C302431FF6799000518C48 /* Views */ = {
			isa = PBXGroup;
			children = (
				05C302441FF6799B00518C48 /* GradientView.swift */,
			);
			path = Views;
			sourceTree = "<group>";
		};
		05F859681FF5075D007F9921 = {
			isa = PBXGroup;
			children = (
				05F859731FF5075D007F9921 /* Weather History */,
				05F859721FF5075D007F9921 /* Products */,
				83FA8FFC5117F3B6CEF60612 /* Pods */,
				A43E3C42A0840BDB8483491B /* Frameworks */,
			);
			sourceTree = "<group>";
		};
		05F859721FF5075D007F9921 /* Products */ = {
			isa = PBXGroup;
			children = (
				05F859711FF5075D007F9921 /* Weather History.app */,
			);
			name = Products;
			sourceTree = "<group>";
		};
		05F859731FF5075D007F9921 /* Weather History */ = {
			isa = PBXGroup;
			children = (
				05F8598D1FF50A3B007F9921 /* Core */,
				05F859871FF50971007F9921 /* Modules */,
				05F859861FF50773007F9921 /* Resources */,
				05F859741FF5075D007F9921 /* AppDelegate.swift */,
				05F8597B1FF5075D007F9921 /* Assets.xcassets */,
			);
			path = "Weather History";
			sourceTree = "<group>";
		};
		05F859861FF50773007F9921 /* Resources */ = {
			isa = PBXGroup;
			children = (
				05DA018E1FF5659300113CBC /* icomoon.ttf */,
				05F8597D1FF5075D007F9921 /* LaunchScreen.storyboard */,
				05F859801FF5075D007F9921 /* Info.plist */,
			);
			path = Resources;
			sourceTree = "<group>";
		};
		05F859871FF50971007F9921 /* Modules */ = {
			isa = PBXGroup;
			children = (
				05F859BE1FF561BF007F9921 /* ImageViewer */,
				05F859A91FF54964007F9921 /* ImageEditor */,
				05F859881FF50977007F9921 /* WeatherHistory */,
			);
			path = Modules;
			sourceTree = "<group>";
		};
		05F859881FF50977007F9921 /* WeatherHistory */ = {
			isa = PBXGroup;
			children = (
				05F859B61FF551EC007F9921 /* Views */,
				05F859B11FF54B6D007F9921 /* Interactors */,
				05F859AE1FF54B32007F9921 /* Presenters */,
				05F859891FF509AB007F9921 /* WeatherHistoryViewController.swift */,
				05F8598A1FF509AB007F9921 /* WeatherHistoryViewController.xib */,
			);
			path = WeatherHistory;
			sourceTree = "<group>";
		};
		05F8598D1FF50A3B007F9921 /* Core */ = {
			isa = PBXGroup;
			children = (
				05F859A61FF54617007F9921 /* Interactors */,
				05F8598E1FF50A42007F9921 /* Network */,
				05F8598F1FF50A49007F9921 /* Entities */,
				05F859901FF50A7B007F9921 /* Extensions */,
			);
			path = Core;
			sourceTree = "<group>";
		};
		05F8598E1FF50A42007F9921 /* Network */ = {
			isa = PBXGroup;
			children = (
				05F8599C1FF50CDC007F9921 /* Services */,
				05F859911FF50B6C007F9921 /* Base */,
			);
			path = Network;
			sourceTree = "<group>";
		};
		05F8598F1FF50A49007F9921 /* Entities */ = {
			isa = PBXGroup;
			children = (
				05F859A41FF53380007F9921 /* Weather.swift */,
			);
			path = Entities;
			sourceTree = "<group>";
		};
		05F859901FF50A7B007F9921 /* Extensions */ = {
			isa = PBXGroup;
			children = (
				05F8599A1FF50C15007F9921 /* UserDefaults.swift */,
				05DA01901FF567BB00113CBC /* UIView.swift */,
				05C3023F1FF66F4800518C48 /* UIImage.swift */,
			);
			path = Extensions;
			sourceTree = "<group>";
		};
		05F859911FF50B6C007F9921 /* Base */ = {
			isa = PBXGroup;
			children = (
				05F859981FF50BA7007F9921 /* Constants.swift */,
				05F859921FF50B7D007F9921 /* HNetwork.swift */,
				05F859941FF50B8C007F9921 /* HSessionManager.swift */,
				05F859961FF50B9B007F9921 /* HURLRequestConvertible.swift */,
			);
			path = Base;
			sourceTree = "<group>";
		};
		05F8599C1FF50CDC007F9921 /* Services */ = {
			isa = PBXGroup;
			children = (
				05F8599F1FF52971007F9921 /* weather */,
			);
			path = Services;
			sourceTree = "<group>";
		};
		05F8599F1FF52971007F9921 /* weather */ = {
			isa = PBXGroup;
			children = (
				05F859A01FF52A04007F9921 /* WeatherService.swift */,
				05F859A21FF52A0D007F9921 /* WeatherRouter.swift */,
			);
			path = weather;
			sourceTree = "<group>";
		};
		05F859A61FF54617007F9921 /* Interactors */ = {
			isa = PBXGroup;
			children = (
				05F859A71FF5462A007F9921 /* ImagePicker.swift */,
			);
			path = Interactors;
			sourceTree = "<group>";
		};
		05F859A91FF54964007F9921 /* ImageEditor */ = {
			isa = PBXGroup;
			children = (
				05C302431FF6799000518C48 /* Views */,
				05F859AA1FF5497A007F9921 /* ImageEditorViewController.swift */,
				05F859AB1FF5497A007F9921 /* ImageEditorViewController.xib */,
			);
			path = ImageEditor;
			sourceTree = "<group>";
		};
		05F859AE1FF54B32007F9921 /* Presenters */ = {
			isa = PBXGroup;
			children = (
				05F859AF1FF54B4F007F9921 /* WeatherHistoryPresenter.swift */,
			);
			path = Presenters;
			sourceTree = "<group>";
		};
		05F859B11FF54B6D007F9921 /* Interactors */ = {
			isa = PBXGroup;
			children = (
				05F859B21FF54CA0007F9921 /* WeatherHistoryDataSource.swift */,
				05F859B41FF54CAB007F9921 /* WeatherHistoryDelegate.swift */,
				05F859B81FF55253007F9921 /* ImagesInteractor.swift */,
			);
			path = Interactors;
			sourceTree = "<group>";
		};
		05F859B61FF551EC007F9921 /* Views */ = {
			isa = PBXGroup;
			children = (
				05F859B71FF55204007F9921 /* Cells */,
			);
			path = Views;
			sourceTree = "<group>";
		};
		05F859B71FF55204007F9921 /* Cells */ = {
			isa = PBXGroup;
			children = (
				05F859BA1FF55CCC007F9921 /* ImageThumbCollectionViewCell.swift */,
				05F859BB1FF55CCC007F9921 /* ImageThumbCollectionViewCell.xib */,
			);
			path = Cells;
			sourceTree = "<group>";
		};
		05F859BE1FF561BF007F9921 /* ImageViewer */ = {
			isa = PBXGroup;
			children = (
				05F859C11FF561F9007F9921 /* ImageViewerViewController.swift */,
				05F859C21FF561F9007F9921 /* ImageViewerViewController.xib */,
				05C302411FF6772600518C48 /* Editor+Gestures.swift */,
			);
			path = ImageViewer;
			sourceTree = "<group>";
		};
		83FA8FFC5117F3B6CEF60612 /* Pods */ = {
			isa = PBXGroup;
			children = (
				C3F0E9C3400A977D216057C9 /* Pods-Weather History.debug.xcconfig */,
				37E6A1E6EAA754F86147EAE4 /* Pods-Weather History.release.xcconfig */,
			);
			name = Pods;
			sourceTree = "<group>";
		};
		A43E3C42A0840BDB8483491B /* Frameworks */ = {
			isa = PBXGroup;
			children = (
				05F8599D1FF51359007F9921 /* CoreLocation.framework */,
				24494BCEA549DD2D920708AE /* Pods_Weather_History.framework */,
			);
			name = Frameworks;
			sourceTree = "<group>";
		};
/* End PBXGroup section */

/* Begin PBXNativeTarget section */
		05F859701FF5075D007F9921 /* Weather History */ = {
			isa = PBXNativeTarget;
			buildConfigurationList = 05F859831FF5075D007F9921 /* Build configuration list for PBXNativeTarget "Weather History" */;
			buildPhases = (
				F2FF2273862937A048D721B7 /* [CP] Check Pods Manifest.lock */,
				05F8596D1FF5075D007F9921 /* Sources */,
				05F8596E1FF5075D007F9921 /* Frameworks */,
				05F8596F1FF5075D007F9921 /* Resources */,
				05B408ED1186EA7EAF1946CB /* [CP] Embed Pods Frameworks */,
				84D95858055634F1035791DE /* [CP] Copy Pods Resources */,
			);
			buildRules = (
			);
			dependencies = (
			);
			name = "Weather History";
			productName = "Weather History";
			productReference = 05F859711FF5075D007F9921 /* Weather History.app */;
			productType = "com.apple.product-type.application";
		};
/* End PBXNativeTarget section */

/* Begin PBXProject section */
		05F859691FF5075D007F9921 /* Project object */ = {
			isa = PBXProject;
			attributes = {
				LastSwiftUpdateCheck = 0920;
				LastUpgradeCheck = 0920;
				ORGANIZATIONNAME = Hamed;
				TargetAttributes = {
					05F859701FF5075D007F9921 = {
						CreatedOnToolsVersion = 9.2;
						ProvisioningStyle = Automatic;
					};
				};
			};
			buildConfigurationList = 05F8596C1FF5075D007F9921 /* Build configuration list for PBXProject "Weather History" */;
			compatibilityVersion = "Xcode 8.0";
			developmentRegion = en;
			hasScannedForEncodings = 0;
			knownRegions = (
				en,
				Base,
			);
			mainGroup = 05F859681FF5075D007F9921;
			productRefGroup = 05F859721FF5075D007F9921 /* Products */;
			projectDirPath = "";
			projectRoot = "";
			targets = (
				05F859701FF5075D007F9921 /* Weather History */,
			);
		};
/* End PBXProject section */

/* Begin PBXResourcesBuildPhase section */
		05F8596F1FF5075D007F9921 /* Resources */ = {
			isa = PBXResourcesBuildPhase;
			buildActionMask = 2147483647;
			files = (
				05F859C41FF561F9007F9921 /* ImageViewerViewController.xib in Resources */,
				05DA018F1FF5659700113CBC /* icomoon.ttf in Resources */,
				05F8597F1FF5075D007F9921 /* LaunchScreen.storyboard in Resources */,
				05F8597C1FF5075D007F9921 /* Assets.xcassets in Resources */,
				05F8598C1FF509AB007F9921 /* WeatherHistoryViewController.xib in Resources */,
				05F859BD1FF55CCC007F9921 /* ImageThumbCollectionViewCell.xib in Resources */,
				05F859AD1FF5497A007F9921 /* ImageEditorViewController.xib in Resources */,
			);
			runOnlyForDeploymentPostprocessing = 0;
		};
/* End PBXResourcesBuildPhase section */

/* Begin PBXShellScriptBuildPhase section */
		05B408ED1186EA7EAF1946CB /* [CP] Embed Pods Frameworks */ = {
			isa = PBXShellScriptBuildPhase;
			buildActionMask = 2147483647;
			files = (
			);
			inputPaths = (
				"${SRCROOT}/Pods/Target Support Files/Pods-Weather History/Pods-Weather History-frameworks.sh",
				"${BUILT_PRODUCTS_DIR}/Alamofire/Alamofire.framework",
				"${BUILT_PRODUCTS_DIR}/ObjectMapper/ObjectMapper.framework",
			);
			name = "[CP] Embed Pods Frameworks";
			outputPaths = (
				"${TARGET_BUILD_DIR}/${FRAMEWORKS_FOLDER_PATH}/Alamofire.framework",
				"${TARGET_BUILD_DIR}/${FRAMEWORKS_FOLDER_PATH}/ObjectMapper.framework",
			);
			runOnlyForDeploymentPostprocessing = 0;
			shellPath = /bin/sh;
			shellScript = "\"${SRCROOT}/Pods/Target Support Files/Pods-Weather History/Pods-Weather History-frameworks.sh\"\n";
			showEnvVarsInLog = 0;
		};
		84D95858055634F1035791DE /* [CP] Copy Pods Resources */ = {
			isa = PBXShellScriptBuildPhase;
			buildActionMask = 2147483647;
			files = (
			);
			inputPaths = (
			);
			name = "[CP] Copy Pods Resources";
			outputPaths = (
			);
			runOnlyForDeploymentPostprocessing = 0;
			shellPath = /bin/sh;
			shellScript = "\"${SRCROOT}/Pods/Target Support Files/Pods-Weather History/Pods-Weather History-resources.sh\"\n";
			showEnvVarsInLog = 0;
		};
		F2FF2273862937A048D721B7 /* [CP] Check Pods Manifest.lock */ = {
			isa = PBXShellScriptBuildPhase;
			buildActionMask = 2147483647;
			files = (
			);
			inputPaths = (
				"${PODS_PODFILE_DIR_PATH}/Podfile.lock",
				"${PODS_ROOT}/Manifest.lock",
			);
			name = "[CP] Check Pods Manifest.lock";
			outputPaths = (
				"$(DERIVED_FILE_DIR)/Pods-Weather History-checkManifestLockResult.txt",
			);
			runOnlyForDeploymentPostprocessing = 0;
			shellPath = /bin/sh;
			shellScript = "diff \"${PODS_PODFILE_DIR_PATH}/Podfile.lock\" \"${PODS_ROOT}/Manifest.lock\" > /dev/null\nif [ $? != 0 ] ; then\n    # print error to STDERR\n    echo \"error: The sandbox is not in sync with the Podfile.lock. Run 'pod install' or update your CocoaPods installation.\" >&2\n    exit 1\nfi\n# This output is used by Xcode 'outputs' to avoid re-running this script phase.\necho \"SUCCESS\" > \"${SCRIPT_OUTPUT_FILE_0}\"\n";
			showEnvVarsInLog = 0;
		};
/* End PBXShellScriptBuildPhase section */

/* Begin PBXSourcesBuildPhase section */
		05F8596D1FF5075D007F9921 /* Sources */ = {
			isa = PBXSourcesBuildPhase;
			buildActionMask = 2147483647;
			files = (
				05F859C31FF561F9007F9921 /* ImageViewerViewController.swift in Sources */,
				05C302401FF66F4800518C48 /* UIImage.swift in Sources */,
				05C302451FF6799B00518C48 /* GradientView.swift in Sources */,
				05F859BC1FF55CCC007F9921 /* ImageThumbCollectionViewCell.swift in Sources */,
				05F859A11FF52A04007F9921 /* WeatherService.swift in Sources */,
				05F859931FF50B7D007F9921 /* HNetwork.swift in Sources */,
				05F859B91FF55253007F9921 /* ImagesInteractor.swift in Sources */,
				05F859B51FF54CAB007F9921 /* WeatherHistoryDelegate.swift in Sources */,
				05F859971FF50B9B007F9921 /* HURLRequestConvertible.swift in Sources */,
				05F859AC1FF5497A007F9921 /* ImageEditorViewController.swift in Sources */,
				05F859B01FF54B4F007F9921 /* WeatherHistoryPresenter.swift in Sources */,
				05C302421FF6772600518C48 /* Editor+Gestures.swift in Sources */,
				05F8598B1FF509AB007F9921 /* WeatherHistoryViewController.swift in Sources */,
				05F859751FF5075D007F9921 /* AppDelegate.swift in Sources */,
				05F859A31FF52A0D007F9921 /* WeatherRouter.swift in Sources */,
				05F859B31FF54CA0007F9921 /* WeatherHistoryDataSource.swift in Sources */,
				05DA01911FF567BB00113CBC /* UIView.swift in Sources */,
				05F859951FF50B8C007F9921 /* HSessionManager.swift in Sources */,
				05F859A81FF5462A007F9921 /* ImagePicker.swift in Sources */,
				05F8599B1FF50C15007F9921 /* UserDefaults.swift in Sources */,
				05F859A51FF53380007F9921 /* Weather.swift in Sources */,
				05F859991FF50BA7007F9921 /* Constants.swift in Sources */,
			);
			runOnlyForDeploymentPostprocessing = 0;
		};
/* End PBXSourcesBuildPhase section */

/* Begin PBXVariantGroup section */
		05F8597D1FF5075D007F9921 /* LaunchScreen.storyboard */ = {
			isa = PBXVariantGroup;
			children = (
				05F8597E1FF5075D007F9921 /* Base */,
			);
			name = LaunchScreen.storyboard;
			sourceTree = "<group>";
		};
/* End PBXVariantGroup section */

/* Begin XCBuildConfiguration section */
		05F859811FF5075D007F9921 /* Debug */ = {
			isa = XCBuildConfiguration;
			buildSettings = {
				ALWAYS_SEARCH_USER_PATHS = NO;
				CLANG_ANALYZER_NONNULL = YES;
				CLANG_ANALYZER_NUMBER_OBJECT_CONVERSION = YES_AGGRESSIVE;
				CLANG_CXX_LANGUAGE_STANDARD = "gnu++14";
				CLANG_CXX_LIBRARY = "libc++";
				CLANG_ENABLE_MODULES = YES;
				CLANG_ENABLE_OBJC_ARC = YES;
				CLANG_WARN_BLOCK_CAPTURE_AUTORELEASING = YES;
				CLANG_WARN_BOOL_CONVERSION = YES;
				CLANG_WARN_COMMA = YES;
				CLANG_WARN_CONSTANT_CONVERSION = YES;
				CLANG_WARN_DIRECT_OBJC_ISA_USAGE = YES_ERROR;
				CLANG_WARN_DOCUMENTATION_COMMENTS = YES;
				CLANG_WARN_EMPTY_BODY = YES;
				CLANG_WARN_ENUM_CONVERSION = YES;
				CLANG_WARN_INFINITE_RECURSION = YES;
				CLANG_WARN_INT_CONVERSION = YES;
				CLANG_WARN_NON_LITERAL_NULL_CONVERSION = YES;
				CLANG_WARN_OBJC_LITERAL_CONVERSION = YES;
				CLANG_WARN_OBJC_ROOT_CLASS = YES_ERROR;
				CLANG_WARN_RANGE_LOOP_ANALYSIS = YES;
				CLANG_WARN_STRICT_PROTOTYPES = YES;
				CLANG_WARN_SUSPICIOUS_MOVE = YES;
				CLANG_WARN_UNGUARDED_AVAILABILITY = YES_AGGRESSIVE;
				CLANG_WARN_UNREACHABLE_CODE = YES;
				CLANG_WARN__DUPLICATE_METHOD_MATCH = YES;
				CODE_SIGN_IDENTITY = "iPhone Developer";
				COPY_PHASE_STRIP = NO;
				DEBUG_INFORMATION_FORMAT = dwarf;
				ENABLE_STRICT_OBJC_MSGSEND = YES;
				ENABLE_TESTABILITY = YES;
				GCC_C_LANGUAGE_STANDARD = gnu11;
				GCC_DYNAMIC_NO_PIC = NO;
				GCC_NO_COMMON_BLOCKS = YES;
				GCC_OPTIMIZATION_LEVEL = 0;
				GCC_PREPROCESSOR_DEFINITIONS = (
					"DEBUG=1",
					"$(inherited)",
				);
				GCC_WARN_64_TO_32_BIT_CONVERSION = YES;
				GCC_WARN_ABOUT_RETURN_TYPE = YES_ERROR;
				GCC_WARN_UNDECLARED_SELECTOR = YES;
				GCC_WARN_UNINITIALIZED_AUTOS = YES_AGGRESSIVE;
				GCC_WARN_UNUSED_FUNCTION = YES;
				GCC_WARN_UNUSED_VARIABLE = YES;
				IPHONEOS_DEPLOYMENT_TARGET = 11.2;
				MTL_ENABLE_DEBUG_INFO = YES;
				ONLY_ACTIVE_ARCH = YES;
				SDKROOT = iphoneos;
				SWIFT_ACTIVE_COMPILATION_CONDITIONS = DEBUG;
				SWIFT_OPTIMIZATION_LEVEL = "-Onone";
			};
			name = Debug;
		};
		05F859821FF5075D007F9921 /* Release */ = {
			isa = XCBuildConfiguration;
			buildSettings = {
				ALWAYS_SEARCH_USER_PATHS = NO;
				CLANG_ANALYZER_NONNULL = YES;
				CLANG_ANALYZER_NUMBER_OBJECT_CONVERSION = YES_AGGRESSIVE;
				CLANG_CXX_LANGUAGE_STANDARD = "gnu++14";
				CLANG_CXX_LIBRARY = "libc++";
				CLANG_ENABLE_MODULES = YES;
				CLANG_ENABLE_OBJC_ARC = YES;
				CLANG_WARN_BLOCK_CAPTURE_AUTORELEASING = YES;
				CLANG_WARN_BOOL_CONVERSION = YES;
				CLANG_WARN_COMMA = YES;
				CLANG_WARN_CONSTANT_CONVERSION = YES;
				CLANG_WARN_DIRECT_OBJC_ISA_USAGE = YES_ERROR;
				CLANG_WARN_DOCUMENTATION_COMMENTS = YES;
				CLANG_WARN_EMPTY_BODY = YES;
				CLANG_WARN_ENUM_CONVERSION = YES;
				CLANG_WARN_INFINITE_RECURSION = YES;
				CLANG_WARN_INT_CONVERSION = YES;
				CLANG_WARN_NON_LITERAL_NULL_CONVERSION = YES;
				CLANG_WARN_OBJC_LITERAL_CONVERSION = YES;
				CLANG_WARN_OBJC_ROOT_CLASS = YES_ERROR;
				CLANG_WARN_RANGE_LOOP_ANALYSIS = YES;
				CLANG_WARN_STRICT_PROTOTYPES = YES;
				CLANG_WARN_SUSPICIOUS_MOVE = YES;
				CLANG_WARN_UNGUARDED_AVAILABILITY = YES_AGGRESSIVE;
				CLANG_WARN_UNREACHABLE_CODE = YES;
				CLANG_WARN__DUPLICATE_METHOD_MATCH = YES;
				CODE_SIGN_IDENTITY = "iPhone Developer";
				COPY_PHASE_STRIP = NO;
				DEBUG_INFORMATION_FORMAT = "dwarf-with-dsym";
				ENABLE_NS_ASSERTIONS = NO;
				ENABLE_STRICT_OBJC_MSGSEND = YES;
				GCC_C_LANGUAGE_STANDARD = gnu11;
				GCC_NO_COMMON_BLOCKS = YES;
				GCC_WARN_64_TO_32_BIT_CONVERSION = YES;
				GCC_WARN_ABOUT_RETURN_TYPE = YES_ERROR;
				GCC_WARN_UNDECLARED_SELECTOR = YES;
				GCC_WARN_UNINITIALIZED_AUTOS = YES_AGGRESSIVE;
				GCC_WARN_UNUSED_FUNCTION = YES;
				GCC_WARN_UNUSED_VARIABLE = YES;
				IPHONEOS_DEPLOYMENT_TARGET = 11.2;
				MTL_ENABLE_DEBUG_INFO = NO;
				SDKROOT = iphoneos;
				SWIFT_OPTIMIZATION_LEVEL = "-Owholemodule";
				VALIDATE_PRODUCT = YES;
			};
			name = Release;
		};
		05F859841FF5075D007F9921 /* Debug */ = {
			isa = XCBuildConfiguration;
			baseConfigurationReference = C3F0E9C3400A977D216057C9 /* Pods-Weather History.debug.xcconfig */;
			buildSettings = {
				ASSETCATALOG_COMPILER_APPICON_NAME = AppIcon;
				CODE_SIGN_STYLE = Automatic;
				DEVELOPMENT_TEAM = 8Y72ATFH5B;
				INFOPLIST_FILE = "$(SRCROOT)/Weather History/Resources/Info.plist";
				LD_RUNPATH_SEARCH_PATHS = "$(inherited) @executable_path/Frameworks";
				PRODUCT_BUNDLE_IDENTIFIER = "com.Hamed.Weather-History";
				PRODUCT_NAME = "$(TARGET_NAME)";
				SWIFT_VERSION = 4.0;
				TARGETED_DEVICE_FAMILY = "1,2";
			};
			name = Debug;
		};
		05F859851FF5075D007F9921 /* Release */ = {
			isa = XCBuildConfiguration;
			baseConfigurationReference = 37E6A1E6EAA754F86147EAE4 /* Pods-Weather History.release.xcconfig */;
			buildSettings = {
				ASSETCATALOG_COMPILER_APPICON_NAME = AppIcon;
				CODE_SIGN_STYLE = Automatic;
				DEVELOPMENT_TEAM = 8Y72ATFH5B;
				INFOPLIST_FILE = "$(SRCROOT)/Weather History/Resources/Info.plist";
				LD_RUNPATH_SEARCH_PATHS = "$(inherited) @executable_path/Frameworks";
				PRODUCT_BUNDLE_IDENTIFIER = "com.Hamed.Weather-History";
				PRODUCT_NAME = "$(TARGET_NAME)";
				SWIFT_VERSION = 4.0;
				TARGETED_DEVICE_FAMILY = "1,2";
			};
			name = Release;
		};
/* End XCBuildConfiguration section */

/* Begin XCConfigurationList section */
		05F8596C1FF5075D007F9921 /* Build configuration list for PBXProject "Weather History" */ = {
			isa = XCConfigurationList;
			buildConfigurations = (
				05F859811FF5075D007F9921 /* Debug */,
				05F859821FF5075D007F9921 /* Release */,
			);
			defaultConfigurationIsVisible = 0;
			defaultConfigurationName = Release;
		};
		05F859831FF5075D007F9921 /* Build configuration list for PBXNativeTarget "Weather History" */ = {
			isa = XCConfigurationList;
			buildConfigurations = (
				05F859841FF5075D007F9921 /* Debug */,
				05F859851FF5075D007F9921 /* Release */,
			);
			defaultConfigurationIsVisible = 0;
			defaultConfigurationName = Release;
		};
/* End XCConfigurationList section */
	};
	rootObject = 05F859691FF5075D007F9921 /* Project object */;
}
